
Microsoft Visual Studio Solution File, Format Version 12.00
# Visual Studio Version 17
VisualStudioVersion = 17.0.31903.59
MinimumVisualStudioVersion = 10.0.40219.1
Project("{FAE04EC0-301F-11D3-BF4B-00C04F79EFBC}") = "dependency-with-host-builder", "dependency-with-host-builder\dependency-with-host-builder.csproj", "{4413ADCF-6557-422F-9683-6D1463473B2D}"
EndProject
Project("{FAE04EC0-301F-11D3-BF4B-00C04F79EFBC}") = "dependency-with-host-builder-worker", "dependency-with-host-builder-worker\dependency-with-host-builder-worker.csproj", "{EA8CC2D8-6DD5-46D3-9C50-72F180D11D5E}"
EndProject
Project("{FAE04EC0-301F-11D3-BF4B-00C04F79EFBC}") = "dependency-with-minimal-host-builder", "dependency-with-minimal-host-builder\dependency-with-minimal-host-builder.csproj", "{62EC068E-6441-4972-B82F-AB5724D1BB00}"
EndProject
Project("{FAE04EC0-301F-11D3-BF4B-00C04F79EFBC}") = "dependency-without-host-builder", "dependency-without-host-builder\dependency-without-host-builder.csproj", "{854C4BF2-F780-4ED5-942B-DE3ECC18E9BE}"
EndProject
Global
	GlobalSection(SolutionConfigurationPlatforms) = preSolution
		Debug|Any CPU = Debug|Any CPU
		Release|Any CPU = Release|Any CPU
	EndGlobalSection
	GlobalSection(SolutionProperties) = preSolution
		HideSolutionNode = FALSE
	EndGlobalSection
	GlobalSection(ProjectConfigurationPlatforms) = postSolution
		{4413ADCF-6557-422F-9683-6D1463473B2D}.Debug|Any CPU.ActiveCfg = Debug|Any CPU
		{4413ADCF-6557-422F-9683-6D1463473B2D}.Debug|Any CPU.Build.0 = Debug|Any CPU
		{4413ADCF-6557-422F-9683-6D1463473B2D}.Release|Any CPU.ActiveCfg = Release|Any CPU
		{4413ADCF-6557-422F-9683-6D1463473B2D}.Release|Any CPU.Build.0 = Release|Any CPU
		{EA8CC2D8-6DD5-46D3-9C50-72F180D11D5E}.Debug|Any CPU.ActiveCfg = Debug|Any CPU
		{EA8CC2D8-6DD5-46D3-9C50-72F180D11D5E}.Debug|Any CPU.Build.0 = Debug|Any CPU
		{EA8CC2D8-6DD5-46D3-9C50-72F180D11D5E}.Release|Any CPU.ActiveCfg = Release|Any CPU
		{EA8CC2D8-6DD5-46D3-9C50-72F180D11D5E}.Release|Any CPU.Build.0 = Release|Any CPU
		{62EC068E-6441-4972-B82F-AB5724D1BB00}.Debug|Any CPU.ActiveCfg = Debug|Any CPU
		{62EC068E-6441-4972-B82F-AB5724D1BB00}.Debug|Any CPU.Build.0 = Debug|Any CPU
		{62EC068E-6441-4972-B82F-AB5724D1BB00}.Release|Any CPU.ActiveCfg = Release|Any CPU
		{62EC068E-6441-4972-B82F-AB5724D1BB00}.Release|Any CPU.Build.0 = Release|Any CPU
		{854C4BF2-F780-4ED5-942B-DE3ECC18E9BE}.Debug|Any CPU.ActiveCfg = Debug|Any CPU
		{854C4BF2-F780-4ED5-942B-DE3ECC18E9BE}.Debug|Any CPU.Build.0 = Debug|Any CPU
		{854C4BF2-F780-4ED5-942B-DE3ECC18E9BE}.Release|Any CPU.ActiveCfg = Release|Any CPU
		{854C4BF2-F780-4ED5-942B-DE3ECC18E9BE}.Release|Any CPU.Build.0 = Release|Any CPU
	EndGlobalSection
EndGlobal
