<Solution>
  <Folder Name="/src/" />
  <Folder Name="/src/Aspire/Choreography.AppHost/">
    <Project Path="src/Aspire/Choreography.AppHost/Choreography.AppHost.csproj" />
  </Folder>
  <Folder Name="/src/Aspire/Choreography.ServiceDefaults/">
    <Project Path="src/Aspire/Choreography.ServiceDefaults/Choreography.ServiceDefaults.csproj" />
  </Folder>
  <Folder Name="/src/BuildingBlocks/BuildingBlocks.Integration.Wolverine/">
    <Project Path="src/BuildingBlocks/BuildingBlocks.Integration.Wolverine/BuildingBlocks.Integration.Wolverine.csproj" />
  </Folder>
  <Folder Name="/src/Shared/Contracts/">
    <Project Path="src/Shared/Contracts/Contracts.csproj" />
  </Folder>
  <Folder Name="/src/Services/Order/Order/">
    <Project Path="src/Services/Order/Order/Order.csproj" />
  </Folder>
  <Folder Name="/src/Services/Order/Order.Api/">
    <Project Path="src/Services/Order/Order.Api/Order.Api.csproj" />
  </Folder>
  <Folder Name="/src/Services/Payment/Payment/">
    <Project Path="src/Services/Payment/Payment/Payment.csproj" />
  </Folder>
  <Folder Name="/src/Services/Payment/Payment.Api/">
    <Project Path="src/Services/Payment/Payment.Api/Payment.Api.csproj" />
  </Folder>
  <Folder Name="/tests/" />
  <Folder Name="/tests/Shared/Tests.Shared/">
    <Project Path="tests/Shared/Tests.Shared/Tests.Shared.csproj" />
  </Folder>
  <Folder Name="/tests/Services/Order/Order.IntegrationTests/">
    <Project Path="tests/Services/Order/Order.IntegrationTests/Order.IntegrationTests.csproj" />
  </Folder>
  <Folder Name="/tests/Services/Payment/Payment.IntegrationTests/">
    <Project Path="tests/Services/Payment/Payment.IntegrationTests/Payment.IntegrationTests.csproj" />
  </Folder>
</Solution>
