<Solution>
  <Folder Name="/src/" />
  <Folder Name="/src/Aspire/">
    <Project Path="src/Aspire/ECommerce.AppHost/ECommerce.AppHost.csproj" />
    <Project Path="src/Aspire/ECommerce.ServiceDefaults/ECommerce.ServiceDefaults.csproj" />
  </Folder>
  <Folder Name="/src/BuildingBlocks/">
    <Project Path="src/BuildingBlocks/BuildingBlocks.Core/BuildingBlocks.Core.csproj" />
    <Project Path="src/BuildingBlocks/BuildingBlocks.Integration.Wolverine/BuildingBlocks.Integration.Wolverine.csproj" />
    <Project Path="src/BuildingBlocks/BuildingBlocks.Integration.Wolverine.Kafka/BuildingBlocks.Integration.Wolverine.Kafka.csproj" />
    <Project Path="src/BuildingBlocks/BuildingBlocks.Integration.Wolverine.RabbitMQ/BuildingBlocks.Integration.Wolverine.RabbitMQ.csproj" />
    <Project Path="src/BuildingBlocks/BuildingBlocks.Persistence.EfCore.Postgres/BuildingBlocks.Persistence.EfCore.Postgres.csproj" />
    <Project Path="src/BuildingBlocks/BuildingBlocks.Persistence.Mongo/BuildingBlocks.Persistence.Mongo.csproj" />
  </Folder>
  <Folder Name="/src/Services/" />
  <Folder Name="/src/Services/Catalogs/">
    <Project Path="src/Services/Catalogs/ECommerce.Services.Catalogs.Api/ECommerce.Services.Catalogs.Api.csproj" />
    <Project Path="src/Services/Catalogs/ECommerce.Services.Catalogs/ECommerce.Services.Catalogs.csproj" />
  </Folder>
  <Folder Name="/src/Services/Orders/">
    <Project Path="src/Services/Orders/ECommerce.Services.Orders.Api/ECommerce.Services.Orders.Api.csproj" />
    <Project Path="src/Services/Orders/ECommerce.Services.Orders/ECommerce.Services.Orders.csproj" />
  </Folder>
  <Folder Name="/src/Services/Shared/">
    <Project Path="src/Services/Shared/ECommerce.Services.Shared/ECommerce.Services.Shared.csproj" />
  </Folder>
  <Folder Name="/tests/" />
  <Folder Name="/tests/Services/" />
  <Folder Name="/tests/Services/Catalogs/">
    <Project Path="tests/Services/Catalogs/ECommerce.Services.Catalogs.IntegrationTests/ECommerce.Services.Catalogs.IntegrationTests.csproj" />
    <Project Path="tests/Services/Catalogs/ECommerce.Services.Catalogs.TestShared/ECommerce.Services.Catalogs.TestShared.csproj" />
    <Project Path="tests/Services/Catalogs/ECommerce.Services.Catalogs.UnitTests/ECommerce.Services.Catalogs.UnitTests.csproj" />
  </Folder>
  <Folder Name="/tests/Services/Orders/">
    <Project Path="tests/Services/Orders/ECommerce.Services.Orders.IntegrationTests/ECommerce.Services.Orders.IntegrationTests.csproj" />
    <Project Path="tests/Services/Orders/ECommerce.Services.Orders.TestShared/ECommerce.Services.Orders.TestShared.csproj" />
    <Project Path="tests/Services/Orders/ECommerce.Services.Orders.UnitTests/ECommerce.Services.Orders.UnitTests.csproj" />
  </Folder>
  <Folder Name="/tests/BuildingBlocks/">
    <Project Path="tests/BuildingBlocks/ECommerce.BuildingBlocks.TestHost/ECommerce.BuildingBlocks.TestHost.csproj" />
    <Project Path="tests/BuildingBlocks/ECommerce.BuildingBlocks.RabbitMQ.IntegrationTests/ECommerce.BuildingBlocks.RabbitMQ.IntegrationTests.csproj" />
    <Project Path="tests/BuildingBlocks/ECommerce.BuildingBlocks.Kafka.IntegrationTests/ECommerce.BuildingBlocks.Kafka.IntegrationTests.csproj" />
  </Folder>
  <Folder Name="/tests/Shared/">
    <Project Path="tests/Shared/Tests.Shared/Tests.Shared.csproj" />
  </Folder>
</Solution>
