Microsoft Visual Studio Solution File, Format Version 12.00
# Visual Studio Version 17
VisualStudioVersion = 17.8.0.0
MinimumVisualStudioVersion = 17.8.0.0
Project("{9A19103F-16F7-4668-BE54-9A1E7A4F7556}") = "SimpleApiOtlp.ServiceDefaults", "SimpleApiOtlp.ServiceDefaults\SimpleApiOtlp.ServiceDefaults.csproj", "{860E5794-95B3-4AFF-AD52-23A452A642BE}"
EndProject
Project("{9A19103F-16F7-4668-BE54-9A1E7A4F7556}") = "SimpleApiOtlp.Api", "SimpleApiOtlp.Api\SimpleApiOtlp.Api.csproj", "{B33A9BA8-E8BC-41A0-BB9A-B5D88C11DC1B}"
EndProject
Global
	GlobalSection(SolutionConfigurationPlatforms) = preSolution
		Debug|Any CPU = Debug|Any CPU
		Release|Any CPU = Release|Any CPU
	EndGlobalSection
	GlobalSection(ProjectConfigurationPlatforms) = postSolution
		{860E5794-95B3-4AFF-AD52-23A452A642BE}.Debug|Any CPU.ActiveCfg = Debug|Any CPU
		{860E5794-95B3-4AFF-AD52-23A452A642BE}.Debug|Any CPU.Build.0 = Debug|Any CPU
		{860E5794-95B3-4AFF-AD52-23A452A642BE}.Release|Any CPU.ActiveCfg = Release|Any CPU
		{860E5794-95B3-4AFF-AD52-23A452A642BE}.Release|Any CPU.Build.0 = Release|Any CPU
		{B33A9BA8-E8BC-41A0-BB9A-B5D88C11DC1B}.Debug|Any CPU.ActiveCfg = Debug|Any CPU
		{B33A9BA8-E8BC-41A0-BB9A-B5D88C11DC1B}.Debug|Any CPU.Build.0 = Debug|Any CPU
		{B33A9BA8-E8BC-41A0-BB9A-B5D88C11DC1B}.Release|Any CPU.ActiveCfg = Release|Any CPU
		{B33A9BA8-E8BC-41A0-BB9A-B5D88C11DC1B}.Release|Any CPU.Build.0 = Release|Any CPU
	EndGlobalSection
	GlobalSection(SolutionProperties) = preSolution
		HideSolutionNode = FALSE
	EndGlobalSection
	GlobalSection(ExtensibilityGlobals) = postSolution
		SolutionGuid = {07903439-4C0B-4C77-900E-6472630279D1}
	EndGlobalSection
EndGlobal
