
Microsoft Visual Studio Solution File, Format Version 12.00
# Visual Studio Version 17
VisualStudioVersion = 17.0.31903.59
MinimumVisualStudioVersion = 10.0.40219.1
Project("{FAE04EC0-301F-11D3-BF4B-00C04F79EFBC}") = "DotNet7WithoutProblemDetails", "DotNet7WithoutProblemDetails.csproj", "{2334EC30-F6E5-48DE-86D3-3A330DA4AD8C}"
EndProject
Global
	GlobalSection(SolutionConfigurationPlatforms) = preSolution
		Debug|Any CPU = Debug|Any CPU
		Release|Any CPU = Release|Any CPU
	EndGlobalSection
	GlobalSection(SolutionProperties) = preSolution
		HideSolutionNode = FALSE
	EndGlobalSection
	GlobalSection(ProjectConfigurationPlatforms) = postSolution
		{2334EC30-F6E5-48DE-86D3-3A330DA4AD8C}.Debug|Any CPU.ActiveCfg = Debug|Any CPU
		{2334EC30-F6E5-48DE-86D3-3A330DA4AD8C}.Debug|Any CPU.Build.0 = Debug|Any CPU
		{2334EC30-F6E5-48DE-86D3-3A330DA4AD8C}.Release|Any CPU.ActiveCfg = Release|Any CPU
		{2334EC30-F6E5-48DE-86D3-3A330DA4AD8C}.Release|Any CPU.Build.0 = Release|Any CPU
	EndGlobalSection
EndGlobal
